
Microsoft Visual Studio Solution File, Format Version 12.00
# Visual Studio Version 17
VisualStudioVersion = 17.11.35312.102
MinimumVisualStudioVersion = 10.0.40219.1
Project("{9A19103F-16F7-4668-BE54-9A1E7A4F7556}") = "SimpleFinances.API", "SimpleFinances.API.csproj", "{53433598-2F4E-4CD4-90B8-968F43601608}"
EndProject
Project("{9A19103F-16F7-4668-BE54-9A1E7A4F7556}") = "SimpleFinances.Application", "..\SimpleFinances.Application\SimpleFinances.Application.csproj", "{E4C81481-1CFB-41E9-A2F1-6E47B96EDD81}"
EndProject
Project("{9A19103F-16F7-4668-BE54-9A1E7A4F7556}") = "SimpleFinances.Domain", "..\SimpleFinances.Domain\SimpleFinances.Domain.csproj", "{0D5E444C-AACB-42B5-AEA4-75E2291BACD0}"
EndProject
Project("{2150E333-8FDC-42A3-9474-1A3956D46DE8}") = "src", "src", "{598C636D-E3E2-4965-A8DF-19394347725F}"
EndProject
Global
	GlobalSection(SolutionConfigurationPlatforms) = preSolution
		Debug|Any CPU = Debug|Any CPU
		Release|Any CPU = Release|Any CPU
	EndGlobalSection
	GlobalSection(ProjectConfigurationPlatforms) = postSolution
		{53433598-2F4E-4CD4-90B8-968F43601608}.Debug|Any CPU.ActiveCfg = Debug|Any CPU
		{53433598-2F4E-4CD4-90B8-968F43601608}.Debug|Any CPU.Build.0 = Debug|Any CPU
		{53433598-2F4E-4CD4-90B8-968F43601608}.Release|Any CPU.ActiveCfg = Release|Any CPU
		{53433598-2F4E-4CD4-90B8-968F43601608}.Release|Any CPU.Build.0 = Release|Any CPU
		{E4C81481-1CFB-41E9-A2F1-6E47B96EDD81}.Debug|Any CPU.ActiveCfg = Debug|Any CPU
		{E4C81481-1CFB-41E9-A2F1-6E47B96EDD81}.Debug|Any CPU.Build.0 = Debug|Any CPU
		{E4C81481-1CFB-41E9-A2F1-6E47B96EDD81}.Release|Any CPU.ActiveCfg = Release|Any CPU
		{E4C81481-1CFB-41E9-A2F1-6E47B96EDD81}.Release|Any CPU.Build.0 = Release|Any CPU
		{0D5E444C-AACB-42B5-AEA4-75E2291BACD0}.Debug|Any CPU.ActiveCfg = Debug|Any CPU
		{0D5E444C-AACB-42B5-AEA4-75E2291BACD0}.Debug|Any CPU.Build.0 = Debug|Any CPU
		{0D5E444C-AACB-42B5-AEA4-75E2291BACD0}.Release|Any CPU.ActiveCfg = Release|Any CPU
		{0D5E444C-AACB-42B5-AEA4-75E2291BACD0}.Release|Any CPU.Build.0 = Release|Any CPU
	EndGlobalSection
	GlobalSection(SolutionProperties) = preSolution
		HideSolutionNode = FALSE
	EndGlobalSection
	GlobalSection(NestedProjects) = preSolution
		{53433598-2F4E-4CD4-90B8-968F43601608} = {598C636D-E3E2-4965-A8DF-19394347725F}
		{E4C81481-1CFB-41E9-A2F1-6E47B96EDD81} = {598C636D-E3E2-4965-A8DF-19394347725F}
		{0D5E444C-AACB-42B5-AEA4-75E2291BACD0} = {598C636D-E3E2-4965-A8DF-19394347725F}
	EndGlobalSection
	GlobalSection(ExtensibilityGlobals) = postSolution
		SolutionGuid = {D9C8BF15-B910-4AA3-B953-F3A5FAF31DF5}
	EndGlobalSection
EndGlobal
